// !$*UTF8*$!
{
	archiveVersion = 1;
	classes = {
	};
	objectVersion = 55;
	objects = {

/* Begin PBXBuildFile section */
		8C016BFA28A634BC00367F60 /* WeatherViewController.swift in Sources */ = {isa = PBXBuildFile; fileRef = 8C016BF928A634BC00367F60 /* WeatherViewController.swift */; };
		8C1104AB28A2511900010CDA /* NewViewController.swift in Sources */ = {isa = PBXBuildFile; fileRef = 8C1104AA28A2511900010CDA /* NewViewController.swift */; };
		8C1104AD28A2515B00010CDA /* NewView.xib in Resources */ = {isa = PBXBuildFile; fileRef = 8C1104AC28A2515B00010CDA /* NewView.xib */; };
		8C1104AF28A251A400010CDA /* NewView.swift in Sources */ = {isa = PBXBuildFile; fileRef = 8C1104AE28A251A400010CDA /* NewView.swift */; };
		8C1104B128A253F700010CDA /* NewTableViewCell.swift in Sources */ = {isa = PBXBuildFile; fileRef = 8C1104B028A253F700010CDA /* NewTableViewCell.swift */; };
		8C1104B428A2553100010CDA /* NewCollectionViewCell.swift in Sources */ = {isa = PBXBuildFile; fileRef = 8C1104B228A2553100010CDA /* NewCollectionViewCell.swift */; };
		8C1104B528A2553100010CDA /* NewCollectionViewCell.xib in Resources */ = {isa = PBXBuildFile; fileRef = 8C1104B328A2553100010CDA /* NewCollectionViewCell.xib */; };
		8C1EDDF828A5268F007AA332 /* MapViewController.swift in Sources */ = {isa = PBXBuildFile; fileRef = 8C1EDDF728A5268F007AA332 /* MapViewController.swift */; };
		8C1EDDFA28A53CAF007AA332 /* MapModel.swift in Sources */ = {isa = PBXBuildFile; fileRef = 8C1EDDF928A53CAF007AA332 /* MapModel.swift */; };
		8C9C3D02289D1CDF00372593 /* WebViewController.swift in Sources */ = {isa = PBXBuildFile; fileRef = 8C9C3D01289D1CDF00372593 /* WebViewController.swift */; };
		8C9F5A8E289B9043005C174F /* DetailViewController.swift in Sources */ = {isa = PBXBuildFile; fileRef = 8C9F5A8D289B9042005C174F /* DetailViewController.swift */; };
		8C9F5A91289B90A3005C174F /* OverviewTableViewCell.swift in Sources */ = {isa = PBXBuildFile; fileRef = 8C9F5A90289B90A3005C174F /* OverviewTableViewCell.swift */; };
		8C9F5A93289B90AE005C174F /* CastTableViewCell.swift in Sources */ = {isa = PBXBuildFile; fileRef = 8C9F5A92289B90AE005C174F /* CastTableViewCell.swift */; };
		8CA1EF962899F6B40015EB7E /* AppDelegate.swift in Sources */ = {isa = PBXBuildFile; fileRef = 8CA1EF952899F6B40015EB7E /* AppDelegate.swift */; };
		8CA1EF982899F6B40015EB7E /* SceneDelegate.swift in Sources */ = {isa = PBXBuildFile; fileRef = 8CA1EF972899F6B40015EB7E /* SceneDelegate.swift */; };
		8CA1EF9A2899F6B40015EB7E /* ViewController.swift in Sources */ = {isa = PBXBuildFile; fileRef = 8CA1EF992899F6B40015EB7E /* ViewController.swift */; };
		8CA1EF9D2899F6B40015EB7E /* Main.storyboard in Resources */ = {isa = PBXBuildFile; fileRef = 8CA1EF9B2899F6B40015EB7E /* Main.storyboard */; };
		8CA1EF9F2899F6B60015EB7E /* Assets.xcassets in Resources */ = {isa = PBXBuildFile; fileRef = 8CA1EF9E2899F6B60015EB7E /* Assets.xcassets */; };
		8CA1EFA22899F6B60015EB7E /* LaunchScreen.storyboard in Resources */ = {isa = PBXBuildFile; fileRef = 8CA1EFA02899F6B60015EB7E /* LaunchScreen.storyboard */; };
		8CA1EFAA2899F7D00015EB7E /* .gitignore in Resources */ = {isa = PBXBuildFile; fileRef = 8CA1EFA92899F7D00015EB7E /* .gitignore */; };
		8CA1EFAC2899F8200015EB7E /* Test.swift in Sources */ = {isa = PBXBuildFile; fileRef = 8CA1EFAB2899F8200015EB7E /* Test.swift */; };
		8CA1EFAE2899F8880015EB7E /* APIKey.swift in Sources */ = {isa = PBXBuildFile; fileRef = 8CA1EFAD2899F8880015EB7E /* APIKey.swift */; };
		8CA1EFB02899F9CF0015EB7E /* Constant.swift in Sources */ = {isa = PBXBuildFile; fileRef = 8CA1EFAF2899F9CF0015EB7E /* Constant.swift */; };
		8CA1EFB42899FAB10015EB7E /* Example.swift in Sources */ = {isa = PBXBuildFile; fileRef = 8CA1EFB32899FAB10015EB7E /* Example.swift */; };
		8CA1EFB62899FABC0015EB7E /* Example2.swift in Sources */ = {isa = PBXBuildFile; fileRef = 8CA1EFB52899FABC0015EB7E /* Example2.swift */; };
		8CA1EFBC289A42E30015EB7E /* MediaCollectionViewController.swift in Sources */ = {isa = PBXBuildFile; fileRef = 8CA1EFBB289A42E30015EB7E /* MediaCollectionViewController.swift */; };
		8CA1EFBE289A43270015EB7E /* MediaCollectionViewCell.swift in Sources */ = {isa = PBXBuildFile; fileRef = 8CA1EFBD289A43270015EB7E /* MediaCollectionViewCell.swift */; };
		8CA1EFC1289A48350015EB7E /* Alamofire in Frameworks */ = {isa = PBXBuildFile; productRef = 8CA1EFC0289A48350015EB7E /* Alamofire */; };
		8CA1EFC4289A48510015EB7E /* SwiftyJSON in Frameworks */ = {isa = PBXBuildFile; productRef = 8CA1EFC3289A48510015EB7E /* SwiftyJSON */; };
		8CA1EFC6289A4DFB0015EB7E /* MediaModel.swift in Sources */ = {isa = PBXBuildFile; fileRef = 8CA1EFC5289A4DFB0015EB7E /* MediaModel.swift */; };
		8CA1EFC9289A5E170015EB7E /* Kingfisher in Frameworks */ = {isa = PBXBuildFile; productRef = 8CA1EFC8289A5E170015EB7E /* Kingfisher */; };
		8CB30DD728ABC95600820738 /* TutorialViewController.swift in Sources */ = {isa = PBXBuildFile; fileRef = 8CB30DD628ABC95600820738 /* TutorialViewController.swift */; };
		8CB30DD928ABC97A00820738 /* FirstViewController.swift in Sources */ = {isa = PBXBuildFile; fileRef = 8CB30DD828ABC97A00820738 /* FirstViewController.swift */; };
		8CB30DDB28ABC98300820738 /* SecondViewController.swift in Sources */ = {isa = PBXBuildFile; fileRef = 8CB30DDA28ABC98300820738 /* SecondViewController.swift */; };
		8CB30E8228ABE7C700820738 /* TMDBFramework.framework in Frameworks */ = {isa = PBXBuildFile; fileRef = 8CB30E7F28ABE7BD00820738 /* TMDBFramework.framework */; };
		8CB30E8328ABE7C700820738 /* TMDBFramework.framework in Embed Frameworks */ = {isa = PBXBuildFile; fileRef = 8CB30E7F28ABE7BD00820738 /* TMDBFramework.framework */; settings = {ATTRIBUTES = (CodeSignOnCopy, RemoveHeadersOnCopy, ); }; };
/* End PBXBuildFile section */

/* Begin PBXContainerItemProxy section */
		8CB30E7E28ABE7BD00820738 /* PBXContainerItemProxy */ = {
			isa = PBXContainerItemProxy;
			containerPortal = 8CB30E7928ABE7BD00820738 /* TMDBFramework.xcodeproj */;
			proxyType = 2;
			remoteGlobalIDString = 8CB30E5D28ABE78E00820738;
			remoteInfo = TMDBFramework;
		};
		8CB30E8028ABE7BD00820738 /* PBXContainerItemProxy */ = {
			isa = PBXContainerItemProxy;
			containerPortal = 8CB30E7928ABE7BD00820738 /* TMDBFramework.xcodeproj */;
			proxyType = 2;
			remoteGlobalIDString = 8CB30E6728ABE78E00820738;
			remoteInfo = TMDBFrameworkTests;
		};
/* End PBXContainerItemProxy section */

/* Begin PBXCopyFilesBuildPhase section */
		8CB30E0E28ABCC1100820738 /* Embed Frameworks */ = {
			isa = PBXCopyFilesBuildPhase;
			buildActionMask = 2147483647;
			dstPath = "";
			dstSubfolderSpec = 10;
			files = (
				8CB30E8328ABE7C700820738 /* TMDBFramework.framework in Embed Frameworks */,
			);
			name = "Embed Frameworks";
			runOnlyForDeploymentPostprocessing = 0;
		};
/* End PBXCopyFilesBuildPhase section */

/* Begin PBXFileReference section */
		8C016BF928A634BC00367F60 /* WeatherViewController.swift */ = {isa = PBXFileReference; lastKnownFileType = sourcecode.swift; path = WeatherViewController.swift; sourceTree = "<group>"; };
		8C1104AA28A2511900010CDA /* NewViewController.swift */ = {isa = PBXFileReference; lastKnownFileType = sourcecode.swift; path = NewViewController.swift; sourceTree = "<group>"; };
		8C1104AC28A2515B00010CDA /* NewView.xib */ = {isa = PBXFileReference; lastKnownFileType = file.xib; path = NewView.xib; sourceTree = "<group>"; };
		8C1104AE28A251A400010CDA /* NewView.swift */ = {isa = PBXFileReference; lastKnownFileType = sourcecode.swift; path = NewView.swift; sourceTree = "<group>"; };
		8C1104B028A253F700010CDA /* NewTableViewCell.swift */ = {isa = PBXFileReference; lastKnownFileType = sourcecode.swift; path = NewTableViewCell.swift; sourceTree = "<group>"; };
		8C1104B228A2553100010CDA /* NewCollectionViewCell.swift */ = {isa = PBXFileReference; lastKnownFileType = sourcecode.swift; path = NewCollectionViewCell.swift; sourceTree = "<group>"; };
		8C1104B328A2553100010CDA /* NewCollectionViewCell.xib */ = {isa = PBXFileReference; lastKnownFileType = file.xib; path = NewCollectionViewCell.xib; sourceTree = "<group>"; };
		8C1EDDF728A5268F007AA332 /* MapViewController.swift */ = {isa = PBXFileReference; lastKnownFileType = sourcecode.swift; path = MapViewController.swift; sourceTree = "<group>"; };
		8C1EDDF928A53CAF007AA332 /* MapModel.swift */ = {isa = PBXFileReference; lastKnownFileType = sourcecode.swift; path = MapModel.swift; sourceTree = "<group>"; };
		8C9C3D01289D1CDF00372593 /* WebViewController.swift */ = {isa = PBXFileReference; lastKnownFileType = sourcecode.swift; path = WebViewController.swift; sourceTree = "<group>"; };
		8C9F5A8D289B9042005C174F /* DetailViewController.swift */ = {isa = PBXFileReference; lastKnownFileType = sourcecode.swift; path = DetailViewController.swift; sourceTree = "<group>"; };
		8C9F5A90289B90A3005C174F /* OverviewTableViewCell.swift */ = {isa = PBXFileReference; lastKnownFileType = sourcecode.swift; path = OverviewTableViewCell.swift; sourceTree = "<group>"; };
		8C9F5A92289B90AE005C174F /* CastTableViewCell.swift */ = {isa = PBXFileReference; lastKnownFileType = sourcecode.swift; path = CastTableViewCell.swift; sourceTree = "<group>"; };
		8CA1EF922899F6B40015EB7E /* TMDBProject.app */ = {isa = PBXFileReference; explicitFileType = wrapper.application; includeInIndex = 0; path = TMDBProject.app; sourceTree = BUILT_PRODUCTS_DIR; };
		8CA1EF952899F6B40015EB7E /* AppDelegate.swift */ = {isa = PBXFileReference; lastKnownFileType = sourcecode.swift; path = AppDelegate.swift; sourceTree = "<group>"; };
		8CA1EF972899F6B40015EB7E /* SceneDelegate.swift */ = {isa = PBXFileReference; lastKnownFileType = sourcecode.swift; path = SceneDelegate.swift; sourceTree = "<group>"; };
		8CA1EF992899F6B40015EB7E /* ViewController.swift */ = {isa = PBXFileReference; lastKnownFileType = sourcecode.swift; path = ViewController.swift; sourceTree = "<group>"; };
		8CA1EF9C2899F6B40015EB7E /* Base */ = {isa = PBXFileReference; lastKnownFileType = file.storyboard; name = Base; path = Base.lproj/Main.storyboard; sourceTree = "<group>"; };
		8CA1EF9E2899F6B60015EB7E /* Assets.xcassets */ = {isa = PBXFileReference; lastKnownFileType = folder.assetcatalog; path = Assets.xcassets; sourceTree = "<group>"; };
		8CA1EFA12899F6B60015EB7E /* Base */ = {isa = PBXFileReference; lastKnownFileType = file.storyboard; name = Base; path = Base.lproj/LaunchScreen.storyboard; sourceTree = "<group>"; };
		8CA1EFA32899F6B60015EB7E /* Info.plist */ = {isa = PBXFileReference; lastKnownFileType = text.plist.xml; path = Info.plist; sourceTree = "<group>"; };
		8CA1EFA92899F7D00015EB7E /* .gitignore */ = {isa = PBXFileReference; lastKnownFileType = text; path = .gitignore; sourceTree = "<group>"; };
		8CA1EFAB2899F8200015EB7E /* Test.swift */ = {isa = PBXFileReference; lastKnownFileType = sourcecode.swift; path = Test.swift; sourceTree = "<group>"; };
		8CA1EFAD2899F8880015EB7E /* APIKey.swift */ = {isa = PBXFileReference; lastKnownFileType = sourcecode.swift; path = APIKey.swift; sourceTree = "<group>"; };
		8CA1EFAF2899F9CF0015EB7E /* Constant.swift */ = {isa = PBXFileReference; lastKnownFileType = sourcecode.swift; path = Constant.swift; sourceTree = "<group>"; };
		8CA1EFB32899FAB10015EB7E /* Example.swift */ = {isa = PBXFileReference; lastKnownFileType = sourcecode.swift; path = Example.swift; sourceTree = "<group>"; };
		8CA1EFB52899FABC0015EB7E /* Example2.swift */ = {isa = PBXFileReference; lastKnownFileType = sourcecode.swift; path = Example2.swift; sourceTree = "<group>"; };
		8CA1EFBB289A42E30015EB7E /* MediaCollectionViewController.swift */ = {isa = PBXFileReference; lastKnownFileType = sourcecode.swift; path = MediaCollectionViewController.swift; sourceTree = "<group>"; };
		8CA1EFBD289A43270015EB7E /* MediaCollectionViewCell.swift */ = {isa = PBXFileReference; lastKnownFileType = sourcecode.swift; path = MediaCollectionViewCell.swift; sourceTree = "<group>"; };
		8CA1EFC5289A4DFB0015EB7E /* MediaModel.swift */ = {isa = PBXFileReference; lastKnownFileType = sourcecode.swift; path = MediaModel.swift; sourceTree = "<group>"; };
		8CB30DD628ABC95600820738 /* TutorialViewController.swift */ = {isa = PBXFileReference; lastKnownFileType = sourcecode.swift; path = TutorialViewController.swift; sourceTree = "<group>"; };
		8CB30DD828ABC97A00820738 /* FirstViewController.swift */ = {isa = PBXFileReference; lastKnownFileType = sourcecode.swift; path = FirstViewController.swift; sourceTree = "<group>"; };
		8CB30DDA28ABC98300820738 /* SecondViewController.swift */ = {isa = PBXFileReference; lastKnownFileType = sourcecode.swift; path = SecondViewController.swift; sourceTree = "<group>"; };
		8CB30E7928ABE7BD00820738 /* TMDBFramework.xcodeproj */ = {isa = PBXFileReference; lastKnownFileType = "wrapper.pb-project"; name = TMDBFramework.xcodeproj; path = ../TMDBFramework/TMDBFramework.xcodeproj; sourceTree = "<group>"; };
/* End PBXFileReference section */

/* Begin PBXFrameworksBuildPhase section */
		8CA1EF8F2899F6B40015EB7E /* Frameworks */ = {
			isa = PBXFrameworksBuildPhase;
			buildActionMask = 2147483647;
			files = (
				8CB30E8228ABE7C700820738 /* TMDBFramework.framework in Frameworks */,
				8CA1EFC9289A5E170015EB7E /* Kingfisher in Frameworks */,
				8CA1EFC4289A48510015EB7E /* SwiftyJSON in Frameworks */,
				8CA1EFC1289A48350015EB7E /* Alamofire in Frameworks */,
			);
			runOnlyForDeploymentPostprocessing = 0;
		};
/* End PBXFrameworksBuildPhase section */

/* Begin PBXGroup section */
		8C016BF828A634AF00367F60 /* Weather */ = {
			isa = PBXGroup;
			children = (
				8C016BF928A634BC00367F60 /* WeatherViewController.swift */,
			);
			path = Weather;
			sourceTree = "<group>";
		};
		8C11049928A235FE00010CDA /* New */ = {
			isa = PBXGroup;
			children = (
				8C1104AA28A2511900010CDA /* NewViewController.swift */,
				8C1104AC28A2515B00010CDA /* NewView.xib */,
				8C1104AE28A251A400010CDA /* NewView.swift */,
				8C1104B028A253F700010CDA /* NewTableViewCell.swift */,
				8C1104B228A2553100010CDA /* NewCollectionViewCell.swift */,
				8C1104B328A2553100010CDA /* NewCollectionViewCell.xib */,
			);
			path = New;
			sourceTree = "<group>";
		};
		8C1104C128A5262000010CDA /* Map */ = {
			isa = PBXGroup;
			children = (
				8C1EDDF728A5268F007AA332 /* MapViewController.swift */,
				8C1EDDF928A53CAF007AA332 /* MapModel.swift */,
			);
			path = Map;
			sourceTree = "<group>";
		};
		8C9C3D00289D1CCA00372593 /* Web */ = {
			isa = PBXGroup;
			children = (
				8C9C3D01289D1CDF00372593 /* WebViewController.swift */,
			);
			path = Web;
			sourceTree = "<group>";
		};
		8C9F5A8F289B9049005C174F /* Detail */ = {
			isa = PBXGroup;
			children = (
				8C9F5A8D289B9042005C174F /* DetailViewController.swift */,
				8C9F5A90289B90A3005C174F /* OverviewTableViewCell.swift */,
				8C9F5A92289B90AE005C174F /* CastTableViewCell.swift */,
			);
			path = Detail;
			sourceTree = "<group>";
		};
		8C9F5A94289B9726005C174F /* Main */ = {
			isa = PBXGroup;
			children = (
				8CA1EF9B2899F6B40015EB7E /* Main.storyboard */,
				8CA1EFBD289A43270015EB7E /* MediaCollectionViewCell.swift */,
				8CA1EFBB289A42E30015EB7E /* MediaCollectionViewController.swift */,
			);
			path = Main;
			sourceTree = "<group>";
		};
		8CA1EF892899F6B40015EB7E = {
			isa = PBXGroup;
			children = (
				8CB30E7928ABE7BD00820738 /* TMDBFramework.xcodeproj */,
				8CA1EFA92899F7D00015EB7E /* .gitignore */,
				8CA1EF942899F6B40015EB7E /* TMDBProject */,
				8CA1EF932899F6B40015EB7E /* Products */,
			);
			sourceTree = "<group>";
		};
		8CA1EF932899F6B40015EB7E /* Products */ = {
			isa = PBXGroup;
			children = (
				8CA1EF922899F6B40015EB7E /* TMDBProject.app */,
			);
			name = Products;
			sourceTree = "<group>";
		};
		8CA1EF942899F6B40015EB7E /* TMDBProject */ = {
			isa = PBXGroup;
			children = (
				8CE541C728ABC4E200985752 /* Tutorial */,
				8C016BF828A634AF00367F60 /* Weather */,
				8C1104C128A5262000010CDA /* Map */,
				8C11049928A235FE00010CDA /* New */,
				8C9C3D00289D1CCA00372593 /* Web */,
				8C9F5A94289B9726005C174F /* Main */,
				8C9F5A8F289B9049005C174F /* Detail */,
				8CA1EFB22899FA9A0015EB7E /* Key */,
				8CA1EFB12899FA1A0015EB7E /* Resource */,
				8CA1EF952899F6B40015EB7E /* AppDelegate.swift */,
				8CA1EF972899F6B40015EB7E /* SceneDelegate.swift */,
				8CA1EF992899F6B40015EB7E /* ViewController.swift */,
				8CA1EFC5289A4DFB0015EB7E /* MediaModel.swift */,
				8CA1EF9E2899F6B60015EB7E /* Assets.xcassets */,
				8CA1EFA02899F6B60015EB7E /* LaunchScreen.storyboard */,
				8CA1EFA32899F6B60015EB7E /* Info.plist */,
				8CA1EFAB2899F8200015EB7E /* Test.swift */,
				8CA1EFAD2899F8880015EB7E /* APIKey.swift */,
				8CA1EFAF2899F9CF0015EB7E /* Constant.swift */,
			);
			path = TMDBProject;
			sourceTree = "<group>";
		};
		8CA1EFB12899FA1A0015EB7E /* Resource */ = {
			isa = PBXGroup;
			children = (
				8CA1EFB52899FABC0015EB7E /* Example2.swift */,
			);
			path = Resource;
			sourceTree = "<group>";
		};
		8CA1EFB22899FA9A0015EB7E /* Key */ = {
			isa = PBXGroup;
			children = (
				8CA1EFB32899FAB10015EB7E /* Example.swift */,
			);
			path = Key;
			sourceTree = "<group>";
		};
		8CB30E7A28ABE7BD00820738 /* Products */ = {
			isa = PBXGroup;
			children = (
				8CB30E7F28ABE7BD00820738 /* TMDBFramework.framework */,
				8CB30E8128ABE7BD00820738 /* TMDBFrameworkTests.xctest */,
			);
			name = Products;
			sourceTree = "<group>";
		};
		8CE541C728ABC4E200985752 /* Tutorial */ = {
			isa = PBXGroup;
			children = (
				8CB30DD628ABC95600820738 /* TutorialViewController.swift */,
				8CB30DD828ABC97A00820738 /* FirstViewController.swift */,
				8CB30DDA28ABC98300820738 /* SecondViewController.swift */,
			);
			path = Tutorial;
			sourceTree = "<group>";
		};
/* End PBXGroup section */

/* Begin PBXNativeTarget section */
		8CA1EF912899F6B40015EB7E /* TMDBProject */ = {
			isa = PBXNativeTarget;
			buildConfigurationList = 8CA1EFA62899F6B60015EB7E /* Build configuration list for PBXNativeTarget "TMDBProject" */;
			buildPhases = (
				8CA1EF8E2899F6B40015EB7E /* Sources */,
				8CA1EF8F2899F6B40015EB7E /* Frameworks */,
				8CA1EF902899F6B40015EB7E /* Resources */,
				8CB30E0E28ABCC1100820738 /* Embed Frameworks */,
			);
			buildRules = (
			);
			dependencies = (
			);
			name = TMDBProject;
			packageProductDependencies = (
				8CA1EFC0289A48350015EB7E /* Alamofire */,
				8CA1EFC3289A48510015EB7E /* SwiftyJSON */,
				8CA1EFC8289A5E170015EB7E /* Kingfisher */,
			);
			productName = TMDBProject;
			productReference = 8CA1EF922899F6B40015EB7E /* TMDBProject.app */;
			productType = "com.apple.product-type.application";
		};
/* End PBXNativeTarget section */

/* Begin PBXProject section */
		8CA1EF8A2899F6B40015EB7E /* Project object */ = {
			isa = PBXProject;
			attributes = {
				BuildIndependentTargetsInParallel = 1;
				LastSwiftUpdateCheck = 1340;
				LastUpgradeCheck = 1340;
				TargetAttributes = {
					8CA1EF912899F6B40015EB7E = {
						CreatedOnToolsVersion = 13.4.1;
					};
				};
			};
			buildConfigurationList = 8CA1EF8D2899F6B40015EB7E /* Build configuration list for PBXProject "TMDBProject" */;
			compatibilityVersion = "Xcode 13.0";
			developmentRegion = en;
			hasScannedForEncodings = 0;
			knownRegions = (
				en,
				Base,
			);
			mainGroup = 8CA1EF892899F6B40015EB7E;
			packageReferences = (
				8CA1EFBF289A48350015EB7E /* XCRemoteSwiftPackageReference "Alamofire" */,
				8CA1EFC2289A48510015EB7E /* XCRemoteSwiftPackageReference "SwiftyJSON" */,
				8CA1EFC7289A5E170015EB7E /* XCRemoteSwiftPackageReference "Kingfisher" */,
			);
			productRefGroup = 8CA1EF932899F6B40015EB7E /* Products */;
			projectDirPath = "";
			projectReferences = (
				{
					ProductGroup = 8CB30E7A28ABE7BD00820738 /* Products */;
					ProjectRef = 8CB30E7928ABE7BD00820738 /* TMDBFramework.xcodeproj */;
				},
			);
			projectRoot = "";
			targets = (
				8CA1EF912899F6B40015EB7E /* TMDBProject */,
			);
		};
/* End PBXProject section */

/* Begin PBXReferenceProxy section */
		8CB30E7F28ABE7BD00820738 /* TMDBFramework.framework */ = {
			isa = PBXReferenceProxy;
			fileType = wrapper.framework;
			path = TMDBFramework.framework;
			remoteRef = 8CB30E7E28ABE7BD00820738 /* PBXContainerItemProxy */;
			sourceTree = BUILT_PRODUCTS_DIR;
		};
		8CB30E8128ABE7BD00820738 /* TMDBFrameworkTests.xctest */ = {
			isa = PBXReferenceProxy;
			fileType = wrapper.cfbundle;
			path = TMDBFrameworkTests.xctest;
			remoteRef = 8CB30E8028ABE7BD00820738 /* PBXContainerItemProxy */;
			sourceTree = BUILT_PRODUCTS_DIR;
		};
/* End PBXReferenceProxy section */

/* Begin PBXResourcesBuildPhase section */
		8CA1EF902899F6B40015EB7E /* Resources */ = {
			isa = PBXResourcesBuildPhase;
			buildActionMask = 2147483647;
			files = (
				8CA1EFAA2899F7D00015EB7E /* .gitignore in Resources */,
				8C1104B528A2553100010CDA /* NewCollectionViewCell.xib in Resources */,
				8CA1EFA22899F6B60015EB7E /* LaunchScreen.storyboard in Resources */,
				8C1104AD28A2515B00010CDA /* NewView.xib in Resources */,
				8CA1EF9F2899F6B60015EB7E /* Assets.xcassets in Resources */,
				8CA1EF9D2899F6B40015EB7E /* Main.storyboard in Resources */,
			);
			runOnlyForDeploymentPostprocessing = 0;
		};
/* End PBXResourcesBuildPhase section */

/* Begin PBXSourcesBuildPhase section */
		8CA1EF8E2899F6B40015EB7E /* Sources */ = {
			isa = PBXSourcesBuildPhase;
			buildActionMask = 2147483647;
			files = (
				8C1104B128A253F700010CDA /* NewTableViewCell.swift in Sources */,
				8C9F5A91289B90A3005C174F /* OverviewTableViewCell.swift in Sources */,
				8CA1EFC6289A4DFB0015EB7E /* MediaModel.swift in Sources */,
				8CB30DDB28ABC98300820738 /* SecondViewController.swift in Sources */,
				8CB30DD928ABC97A00820738 /* FirstViewController.swift in Sources */,
				8C1EDDF828A5268F007AA332 /* MapViewController.swift in Sources */,
				8C1EDDFA28A53CAF007AA332 /* MapModel.swift in Sources */,
				8C9F5A93289B90AE005C174F /* CastTableViewCell.swift in Sources */,
				8CA1EF9A2899F6B40015EB7E /* ViewController.swift in Sources */,
				8CA1EFB42899FAB10015EB7E /* Example.swift in Sources */,
				8C9F5A8E289B9043005C174F /* DetailViewController.swift in Sources */,
				8CA1EFBC289A42E30015EB7E /* MediaCollectionViewController.swift in Sources */,
				8CA1EFAC2899F8200015EB7E /* Test.swift in Sources */,
				8CB30DD728ABC95600820738 /* TutorialViewController.swift in Sources */,
				8CA1EF962899F6B40015EB7E /* AppDelegate.swift in Sources */,
				8CA1EFBE289A43270015EB7E /* MediaCollectionViewCell.swift in Sources */,
				8CA1EF982899F6B40015EB7E /* SceneDelegate.swift in Sources */,
				8C1104AF28A251A400010CDA /* NewView.swift in Sources */,
				8C1104AB28A2511900010CDA /* NewViewController.swift in Sources */,
				8CA1EFAE2899F8880015EB7E /* APIKey.swift in Sources */,
				8CA1EFB02899F9CF0015EB7E /* Constant.swift in Sources */,
				8C9C3D02289D1CDF00372593 /* WebViewController.swift in Sources */,
				8CA1EFB62899FABC0015EB7E /* Example2.swift in Sources */,
				8C1104B428A2553100010CDA /* NewCollectionViewCell.swift in Sources */,
				8C016BFA28A634BC00367F60 /* WeatherViewController.swift in Sources */,
			);
			runOnlyForDeploymentPostprocessing = 0;
		};
/* End PBXSourcesBuildPhase section */

/* Begin PBXVariantGroup section */
		8CA1EF9B2899F6B40015EB7E /* Main.storyboard */ = {
			isa = PBXVariantGroup;
			children = (
				8CA1EF9C2899F6B40015EB7E /* Base */,
			);
			name = Main.storyboard;
			sourceTree = "<group>";
		};
		8CA1EFA02899F6B60015EB7E /* LaunchScreen.storyboard */ = {
			isa = PBXVariantGroup;
			children = (
				8CA1EFA12899F6B60015EB7E /* Base */,
			);
			name = LaunchScreen.storyboard;
			sourceTree = "<group>";
		};
/* End PBXVariantGroup section */

/* Begin XCBuildConfiguration section */
		8CA1EFA42899F6B60015EB7E /* Debug */ = {
			isa = XCBuildConfiguration;
			buildSettings = {
				ALWAYS_SEARCH_USER_PATHS = NO;
				CLANG_ANALYZER_NONNULL = YES;
				CLANG_ANALYZER_NUMBER_OBJECT_CONVERSION = YES_AGGRESSIVE;
				CLANG_CXX_LANGUAGE_STANDARD = "gnu++17";
				CLANG_ENABLE_MODULES = YES;
				CLANG_ENABLE_OBJC_ARC = YES;
				CLANG_ENABLE_OBJC_WEAK = YES;
				CLANG_WARN_BLOCK_CAPTURE_AUTORELEASING = YES;
				CLANG_WARN_BOOL_CONVERSION = YES;
				CLANG_WARN_COMMA = YES;
				CLANG_WARN_CONSTANT_CONVERSION = YES;
				CLANG_WARN_DEPRECATED_OBJC_IMPLEMENTATIONS = YES;
				CLANG_WARN_DIRECT_OBJC_ISA_USAGE = YES_ERROR;
				CLANG_WARN_DOCUMENTATION_COMMENTS = YES;
				CLANG_WARN_EMPTY_BODY = YES;
				CLANG_WARN_ENUM_CONVERSION = YES;
				CLANG_WARN_INFINITE_RECURSION = YES;
				CLANG_WARN_INT_CONVERSION = YES;
				CLANG_WARN_NON_LITERAL_NULL_CONVERSION = YES;
				CLANG_WARN_OBJC_IMPLICIT_RETAIN_SELF = YES;
				CLANG_WARN_OBJC_LITERAL_CONVERSION = YES;
				CLANG_WARN_OBJC_ROOT_CLASS = YES_ERROR;
				CLANG_WARN_QUOTED_INCLUDE_IN_FRAMEWORK_HEADER = YES;
				CLANG_WARN_RANGE_LOOP_ANALYSIS = YES;
				CLANG_WARN_STRICT_PROTOTYPES = YES;
				CLANG_WARN_SUSPICIOUS_MOVE = YES;
				CLANG_WARN_UNGUARDED_AVAILABILITY = YES_AGGRESSIVE;
				CLANG_WARN_UNREACHABLE_CODE = YES;
				CLANG_WARN__DUPLICATE_METHOD_MATCH = YES;
				COPY_PHASE_STRIP = NO;
				DEBUG_INFORMATION_FORMAT = dwarf;
				ENABLE_STRICT_OBJC_MSGSEND = YES;
				ENABLE_TESTABILITY = YES;
				GCC_C_LANGUAGE_STANDARD = gnu11;
				GCC_DYNAMIC_NO_PIC = NO;
				GCC_NO_COMMON_BLOCKS = YES;
				GCC_OPTIMIZATION_LEVEL = 0;
				GCC_PREPROCESSOR_DEFINITIONS = (
					"DEBUG=1",
					"$(inherited)",
				);
				GCC_WARN_64_TO_32_BIT_CONVERSION = YES;
				GCC_WARN_ABOUT_RETURN_TYPE = YES_ERROR;
				GCC_WARN_UNDECLARED_SELECTOR = YES;
				GCC_WARN_UNINITIALIZED_AUTOS = YES_AGGRESSIVE;
				GCC_WARN_UNUSED_FUNCTION = YES;
				GCC_WARN_UNUSED_VARIABLE = YES;
				IPHONEOS_DEPLOYMENT_TARGET = 15.5;
				MTL_ENABLE_DEBUG_INFO = INCLUDE_SOURCE;
				MTL_FAST_MATH = YES;
				ONLY_ACTIVE_ARCH = YES;
				SDKROOT = iphoneos;
				SWIFT_ACTIVE_COMPILATION_CONDITIONS = DEBUG;
				SWIFT_OPTIMIZATION_LEVEL = "-Onone";
			};
			name = Debug;
		};
		8CA1EFA52899F6B60015EB7E /* Release */ = {
			isa = XCBuildConfiguration;
			buildSettings = {
				ALWAYS_SEARCH_USER_PATHS = NO;
				CLANG_ANALYZER_NONNULL = YES;
				CLANG_ANALYZER_NUMBER_OBJECT_CONVERSION = YES_AGGRESSIVE;
				CLANG_CXX_LANGUAGE_STANDARD = "gnu++17";
				CLANG_ENABLE_MODULES = YES;
				CLANG_ENABLE_OBJC_ARC = YES;
				CLANG_ENABLE_OBJC_WEAK = YES;
				CLANG_WARN_BLOCK_CAPTURE_AUTORELEASING = YES;
				CLANG_WARN_BOOL_CONVERSION = YES;
				CLANG_WARN_COMMA = YES;
				CLANG_WARN_CONSTANT_CONVERSION = YES;
				CLANG_WARN_DEPRECATED_OBJC_IMPLEMENTATIONS = YES;
				CLANG_WARN_DIRECT_OBJC_ISA_USAGE = YES_ERROR;
				CLANG_WARN_DOCUMENTATION_COMMENTS = YES;
				CLANG_WARN_EMPTY_BODY = YES;
				CLANG_WARN_ENUM_CONVERSION = YES;
				CLANG_WARN_INFINITE_RECURSION = YES;
				CLANG_WARN_INT_CONVERSION = YES;
				CLANG_WARN_NON_LITERAL_NULL_CONVERSION = YES;
				CLANG_WARN_OBJC_IMPLICIT_RETAIN_SELF = YES;
				CLANG_WARN_OBJC_LITERAL_CONVERSION = YES;
				CLANG_WARN_OBJC_ROOT_CLASS = YES_ERROR;
				CLANG_WARN_QUOTED_INCLUDE_IN_FRAMEWORK_HEADER = YES;
				CLANG_WARN_RANGE_LOOP_ANALYSIS = YES;
				CLANG_WARN_STRICT_PROTOTYPES = YES;
				CLANG_WARN_SUSPICIOUS_MOVE = YES;
				CLANG_WARN_UNGUARDED_AVAILABILITY = YES_AGGRESSIVE;
				CLANG_WARN_UNREACHABLE_CODE = YES;
				CLANG_WARN__DUPLICATE_METHOD_MATCH = YES;
				COPY_PHASE_STRIP = NO;
				DEBUG_INFORMATION_FORMAT = "dwarf-with-dsym";
				ENABLE_NS_ASSERTIONS = NO;
				ENABLE_STRICT_OBJC_MSGSEND = YES;
				GCC_C_LANGUAGE_STANDARD = gnu11;
				GCC_NO_COMMON_BLOCKS = YES;
				GCC_WARN_64_TO_32_BIT_CONVERSION = YES;
				GCC_WARN_ABOUT_RETURN_TYPE = YES_ERROR;
				GCC_WARN_UNDECLARED_SELECTOR = YES;
				GCC_WARN_UNINITIALIZED_AUTOS = YES_AGGRESSIVE;
				GCC_WARN_UNUSED_FUNCTION = YES;
				GCC_WARN_UNUSED_VARIABLE = YES;
				IPHONEOS_DEPLOYMENT_TARGET = 15.5;
				MTL_ENABLE_DEBUG_INFO = NO;
				MTL_FAST_MATH = YES;
				SDKROOT = iphoneos;
				SWIFT_COMPILATION_MODE = wholemodule;
				SWIFT_OPTIMIZATION_LEVEL = "-O";
				VALIDATE_PRODUCT = YES;
			};
			name = Release;
		};
		8CA1EFA72899F6B60015EB7E /* Debug */ = {
			isa = XCBuildConfiguration;
			buildSettings = {
				ASSETCATALOG_COMPILER_APPICON_NAME = AppIcon;
				ASSETCATALOG_COMPILER_GLOBAL_ACCENT_COLOR_NAME = AccentColor;
				CODE_SIGN_STYLE = Automatic;
				CURRENT_PROJECT_VERSION = 1;
				DEVELOPMENT_TEAM = 5C6W5SYCQQ;
				GENERATE_INFOPLIST_FILE = YES;
				INFOPLIST_FILE = TMDBProject/Info.plist;
				INFOPLIST_KEY_UIApplicationSupportsIndirectInputEvents = YES;
				INFOPLIST_KEY_UILaunchStoryboardName = LaunchScreen;
				INFOPLIST_KEY_UIMainStoryboardFile = Main;
				INFOPLIST_KEY_UISupportedInterfaceOrientations_iPad = "UIInterfaceOrientationPortrait UIInterfaceOrientationPortraitUpsideDown UIInterfaceOrientationLandscapeLeft UIInterfaceOrientationLandscapeRight";
				INFOPLIST_KEY_UISupportedInterfaceOrientations_iPhone = "UIInterfaceOrientationPortrait UIInterfaceOrientationLandscapeLeft UIInterfaceOrientationLandscapeRight";
				LD_RUNPATH_SEARCH_PATHS = (
					"$(inherited)",
					"@executable_path/Frameworks",
				);
				MARKETING_VERSION = 1.0;
				PRODUCT_BUNDLE_IDENTIFIER = com.kate.TMDBProject;
				PRODUCT_NAME = "$(TARGET_NAME)";
				SWIFT_EMIT_LOC_STRINGS = YES;
				SWIFT_VERSION = 5.0;
				TARGETED_DEVICE_FAMILY = 1;
			};
			name = Debug;
		};
		8CA1EFA82899F6B60015EB7E /* Release */ = {
			isa = XCBuildConfiguration;
			buildSettings = {
				ASSETCATALOG_COMPILER_APPICON_NAME = AppIcon;
				ASSETCATALOG_COMPILER_GLOBAL_ACCENT_COLOR_NAME = AccentColor;
				CODE_SIGN_STYLE = Automatic;
				CURRENT_PROJECT_VERSION = 1;
				DEVELOPMENT_TEAM = 5C6W5SYCQQ;
				GENERATE_INFOPLIST_FILE = YES;
				INFOPLIST_FILE = TMDBProject/Info.plist;
				INFOPLIST_KEY_UIApplicationSupportsIndirectInputEvents = YES;
				INFOPLIST_KEY_UILaunchStoryboardName = LaunchScreen;
				INFOPLIST_KEY_UIMainStoryboardFile = Main;
				INFOPLIST_KEY_UISupportedInterfaceOrientations_iPad = "UIInterfaceOrientationPortrait UIInterfaceOrientationPortraitUpsideDown UIInterfaceOrientationLandscapeLeft UIInterfaceOrientationLandscapeRight";
				INFOPLIST_KEY_UISupportedInterfaceOrientations_iPhone = "UIInterfaceOrientationPortrait UIInterfaceOrientationLandscapeLeft UIInterfaceOrientationLandscapeRight";
				LD_RUNPATH_SEARCH_PATHS = (
					"$(inherited)",
					"@executable_path/Frameworks",
				);
				MARKETING_VERSION = 1.0;
				PRODUCT_BUNDLE_IDENTIFIER = com.kate.TMDBProject;
				PRODUCT_NAME = "$(TARGET_NAME)";
				SWIFT_EMIT_LOC_STRINGS = YES;
				SWIFT_VERSION = 5.0;
				TARGETED_DEVICE_FAMILY = 1;
			};
			name = Release;
		};
/* End XCBuildConfiguration section */

/* Begin XCConfigurationList section */
		8CA1EF8D2899F6B40015EB7E /* Build configuration list for PBXProject "TMDBProject" */ = {
			isa = XCConfigurationList;
			buildConfigurations = (
				8CA1EFA42899F6B60015EB7E /* Debug */,
				8CA1EFA52899F6B60015EB7E /* Release */,
			);
			defaultConfigurationIsVisible = 0;
			defaultConfigurationName = Release;
		};
		8CA1EFA62899F6B60015EB7E /* Build configuration list for PBXNativeTarget "TMDBProject" */ = {
			isa = XCConfigurationList;
			buildConfigurations = (
				8CA1EFA72899F6B60015EB7E /* Debug */,
				8CA1EFA82899F6B60015EB7E /* Release */,
			);
			defaultConfigurationIsVisible = 0;
			defaultConfigurationName = Release;
		};
/* End XCConfigurationList section */

/* Begin XCRemoteSwiftPackageReference section */
		8CA1EFBF289A48350015EB7E /* XCRemoteSwiftPackageReference "Alamofire" */ = {
			isa = XCRemoteSwiftPackageReference;
			repositoryURL = "https://github.com/Alamofire/Alamofire.git";
			requirement = {
				kind = upToNextMajorVersion;
				minimumVersion = 5.0.0;
			};
		};
		8CA1EFC2289A48510015EB7E /* XCRemoteSwiftPackageReference "SwiftyJSON" */ = {
			isa = XCRemoteSwiftPackageReference;
			repositoryURL = "https://github.com/SwiftyJSON/SwiftyJSON.git";
			requirement = {
				kind = upToNextMajorVersion;
				minimumVersion = 5.0.0;
			};
		};
		8CA1EFC7289A5E170015EB7E /* XCRemoteSwiftPackageReference "Kingfisher" */ = {
			isa = XCRemoteSwiftPackageReference;
			repositoryURL = "https://github.com/onevcat/Kingfisher.git";
			requirement = {
				kind = upToNextMajorVersion;
				minimumVersion = 7.0.0;
			};
		};
/* End XCRemoteSwiftPackageReference section */

/* Begin XCSwiftPackageProductDependency section */
		8CA1EFC0289A48350015EB7E /* Alamofire */ = {
			isa = XCSwiftPackageProductDependency;
			package = 8CA1EFBF289A48350015EB7E /* XCRemoteSwiftPackageReference "Alamofire" */;
			productName = Alamofire;
		};
		8CA1EFC3289A48510015EB7E /* SwiftyJSON */ = {
			isa = XCSwiftPackageProductDependency;
			package = 8CA1EFC2289A48510015EB7E /* XCRemoteSwiftPackageReference "SwiftyJSON" */;
			productName = SwiftyJSON;
		};
		8CA1EFC8289A5E170015EB7E /* Kingfisher */ = {
			isa = XCSwiftPackageProductDependency;
			package = 8CA1EFC7289A5E170015EB7E /* XCRemoteSwiftPackageReference "Kingfisher" */;
			productName = Kingfisher;
		};
/* End XCSwiftPackageProductDependency section */
	};
	rootObject = 8CA1EF8A2899F6B40015EB7E /* Project object */;
}
